Microsoft Visual Studio Solution File, Format Version 12.00
# Visual Studio Version 18
VisualStudioVersion = 18.0.11012.119
MinimumVisualStudioVersion = 10.0.40219.1
Project("{2150E333-8FDC-42A3-9474-1A3956D46DE8}") = "4. Presentation", "4. Presentation", "{02EA681E-C7D8-13C7-8484-4AC65E1B71E8}"
EndProject
Project("{2150E333-8FDC-42A3-9474-1A3956D46DE8}") = "3. Infrastructure", "3. Infrastructure", "{D6EDF613-3164-46CF-B761-1F21293B5790}"
EndProject
Project("{2150E333-8FDC-42A3-9474-1A3956D46DE8}") = "2. Application", "2. Application", "{59BB6C8D-320F-44E5-A6D0-6916F3B6A2C8}"
EndProject
Project("{2150E333-8FDC-42A3-9474-1A3956D46DE8}") = "1. Domain", "1. Domain", "{9293A59E-B2F0-44B2-B1DA-CB71BC215DA9}"
EndProject
Project("{2150E333-8FDC-42A3-9474-1A3956D46DE8}") = "99. Tests", "99. Tests", "{7AC8C470-D168-4AB7-AAC8-26B3C2AAB57C}"
EndProject
Project("{FAE04EC0-301F-11D3-BF4B-00C04F79EFBC}") = "PlaceOfInterest.EFCore", "PlaceOfInterest.EFCore\PlaceOfInterest.EFCore.csproj", "{00A156D1-A319-46D9-A191-88701D65E52A}"
EndProject
Project("{FAE04EC0-301F-11D3-BF4B-00C04F79EFBC}") = "PlaceOfInterest.Application", "PlaceOfInterest.Application\PlaceOfInterest.Application.csproj", "{008DA218-8CF3-4E6A-8835-4B805E357C23}"
EndProject
Project("{FAE04EC0-301F-11D3-BF4B-00C04F79EFBC}") = "PlaceOfInterest.Domain", "PlaceOfInterest.Domain\PlaceOfInterest.Domain.csproj", "{0EB17D1A-8D1C-479B-93EA-E539CD1BC9BF}"
EndProject
Project("{FAE04EC0-301F-11D3-BF4B-00C04F79EFBC}") = "PlaceOfInterest.Chatbot", "PlaceOfInterest.Chatbot\PlaceOfInterest.Chatbot.csproj", "{58C3527E-E0B9-43D0-B7AD-22F969DEE4D1}"
EndProject
Project("{FAE04EC0-301F-11D3-BF4B-00C04F79EFBC}") = "PlaceOfInterest.BackOffice", "PlaceOfInterest.BackOffice\PlaceOfInterest.BackOffice.csproj", "{4264E04E-DA46-4FE1-BA1D-9244083D6C0B}"
EndProject
Project("{FAE04EC0-301F-11D3-BF4B-00C04F79EFBC}") = "MediatRCore", "MediatR\MediatRCore.csproj", "{60DFFD6A-0801-4312-9FE1-62E8E0613F4B}"
EndProject
Project("{FAE04EC0-301F-11D3-BF4B-00C04F79EFBC}") = "PlaceOfInterest.Application.Tests", "PlaceOfInterest.Application.Tests\PlaceOfInterest.Application.Tests.csproj", "{F46009B5-8CCB-4BF2-9DA9-D8B7739A791A}"
EndProject
Project("{FAE04EC0-301F-11D3-BF4B-00C04F79EFBC}") = "PlaceOfInterest.GoogleMaps", "PlaceOfInterest.GoogleMaps\PlaceOfInterest.GoogleMaps.csproj", "{C2CA4C6E-D263-44A7-A391-5E9CA8E3ABAD}"
EndProject
Project("{FAE04EC0-301F-11D3-BF4B-00C04F79EFBC}") = "ClientWebassembly", "ClientWebassembly\ClientWebassembly.csproj", "{143115BD-4FA4-5D26-3EC8-F545D63868EB}"
EndProject
Project("{FAE04EC0-301F-11D3-BF4B-00C04F79EFBC}") = "PlaceOfInterest.BackOffice.Tests", "PlaceOfInterest.BackOffice.Tests\PlaceOfInterest.BackOffice.Tests.csproj", "{CE97177D-8AB6-4EBB-B2BC-4B3A59DFF5C6}"
EndProject
Project("{FAE04EC0-301F-11D3-BF4B-00C04F79EFBC}") = "PlaceOfInterest.ClientAPI", "PlaceOfInterest.ClientAPI\PlaceOfInterest.ClientAPI.csproj", "{99825CD9-FC46-4A2C-93B2-8B19EEB3DF4E}"
EndProject
Project("{FAE04EC0-301F-11D3-BF4B-00C04F79EFBC}") = "Contracts", "Contracts\Contracts.csproj", "{431FAF75-2B46-4DF7-B428-5975DE03059E}"
EndProject
Project("{FAE04EC0-301F-11D3-BF4B-00C04F79EFBC}") = "ApiClientFactory", "ApiClientFactory\ApiClientFactory.csproj", "{80CA097E-93D0-491A-8F23-947040B69858}"
EndProject
Project("{2150E333-8FDC-42A3-9474-1A3956D46DE8}") = "98. PerformanceTests", "98. PerformanceTests", "{F1CB5047-B975-4E61-8BB2-8C3990400BF4}"
EndProject
Project("{FAE04EC0-301F-11D3-BF4B-00C04F79EFBC}") = "BenchmarkApplicationTests", "BenchmarkApplicationTests\BenchmarkApplicationTests.csproj", "{6D4D59A2-975B-4A5F-B671-5457022537E6}"
EndProject
Global
	GlobalSection(SolutionConfigurationPlatforms) = preSolution
		Debug|Any CPU = Debug|Any CPU
		Release|Any CPU = Release|Any CPU
	EndGlobalSection
	GlobalSection(ProjectConfigurationPlatforms) = postSolution
		{00A156D1-A319-46D9-A191-88701D65E52A}.Debug|Any CPU.ActiveCfg = Debug|Any CPU
		{00A156D1-A319-46D9-A191-88701D65E52A}.Debug|Any CPU.Build.0 = Debug|Any CPU
		{00A156D1-A319-46D9-A191-88701D65E52A}.Release|Any CPU.ActiveCfg = Release|Any CPU
		{00A156D1-A319-46D9-A191-88701D65E52A}.Release|Any CPU.Build.0 = Release|Any CPU
		{008DA218-8CF3-4E6A-8835-4B805E357C23}.Debug|Any CPU.ActiveCfg = Debug|Any CPU
		{008DA218-8CF3-4E6A-8835-4B805E357C23}.Debug|Any CPU.Build.0 = Debug|Any CPU
		{008DA218-8CF3-4E6A-8835-4B805E357C23}.Release|Any CPU.ActiveCfg = Release|Any CPU
		{008DA218-8CF3-4E6A-8835-4B805E357C23}.Release|Any CPU.Build.0 = Release|Any CPU
		{0EB17D1A-8D1C-479B-93EA-E539CD1BC9BF}.Debug|Any CPU.ActiveCfg = Debug|Any CPU
		{0EB17D1A-8D1C-479B-93EA-E539CD1BC9BF}.Debug|Any CPU.Build.0 = Debug|Any CPU
		{0EB17D1A-8D1C-479B-93EA-E539CD1BC9BF}.Release|Any CPU.ActiveCfg = Release|Any CPU
		{0EB17D1A-8D1C-479B-93EA-E539CD1BC9BF}.Release|Any CPU.Build.0 = Release|Any CPU
		{58C3527E-E0B9-43D0-B7AD-22F969DEE4D1}.Debug|Any CPU.ActiveCfg = Debug|Any CPU
		{58C3527E-E0B9-43D0-B7AD-22F969DEE4D1}.Debug|Any CPU.Build.0 = Debug|Any CPU
		{58C3527E-E0B9-43D0-B7AD-22F969DEE4D1}.Release|Any CPU.ActiveCfg = Release|Any CPU
		{58C3527E-E0B9-43D0-B7AD-22F969DEE4D1}.Release|Any CPU.Build.0 = Release|Any CPU
		{4264E04E-DA46-4FE1-BA1D-9244083D6C0B}.Debug|Any CPU.ActiveCfg = Debug|Any CPU
		{4264E04E-DA46-4FE1-BA1D-9244083D6C0B}.Debug|Any CPU.Build.0 = Debug|Any CPU
		{4264E04E-DA46-4FE1-BA1D-9244083D6C0B}.Release|Any CPU.ActiveCfg = Release|Any CPU
		{4264E04E-DA46-4FE1-BA1D-9244083D6C0B}.Release|Any CPU.Build.0 = Release|Any CPU
		{60DFFD6A-0801-4312-9FE1-62E8E0613F4B}.Debug|Any CPU.ActiveCfg = Debug|Any CPU
		{60DFFD6A-0801-4312-9FE1-62E8E0613F4B}.Debug|Any CPU.Build.0 = Debug|Any CPU
		{60DFFD6A-0801-4312-9FE1-62E8E0613F4B}.Release|Any CPU.ActiveCfg = Release|Any CPU
		{60DFFD6A-0801-4312-9FE1-62E8E0613F4B}.Release|Any CPU.Build.0 = Release|Any CPU
		{F46009B5-8CCB-4BF2-9DA9-D8B7739A791A}.Debug|Any CPU.ActiveCfg = Debug|Any CPU
		{F46009B5-8CCB-4BF2-9DA9-D8B7739A791A}.Debug|Any CPU.Build.0 = Debug|Any CPU
		{F46009B5-8CCB-4BF2-9DA9-D8B7739A791A}.Release|Any CPU.ActiveCfg = Release|Any CPU
		{F46009B5-8CCB-4BF2-9DA9-D8B7739A791A}.Release|Any CPU.Build.0 = Release|Any CPU
		{C2CA4C6E-D263-44A7-A391-5E9CA8E3ABAD}.Debug|Any CPU.ActiveCfg = Debug|Any CPU
		{C2CA4C6E-D263-44A7-A391-5E9CA8E3ABAD}.Debug|Any CPU.Build.0 = Debug|Any CPU
		{C2CA4C6E-D263-44A7-A391-5E9CA8E3ABAD}.Release|Any CPU.ActiveCfg = Release|Any CPU
		{C2CA4C6E-D263-44A7-A391-5E9CA8E3ABAD}.Release|Any CPU.Build.0 = Release|Any CPU
		{143115BD-4FA4-5D26-3EC8-F545D63868EB}.Debug|Any CPU.ActiveCfg = Debug|Any CPU
		{143115BD-4FA4-5D26-3EC8-F545D63868EB}.Debug|Any CPU.Build.0 = Debug|Any CPU
		{143115BD-4FA4-5D26-3EC8-F545D63868EB}.Release|Any CPU.ActiveCfg = Release|Any CPU
		{143115BD-4FA4-5D26-3EC8-F545D63868EB}.Release|Any CPU.Build.0 = Release|Any CPU
		{CE97177D-8AB6-4EBB-B2BC-4B3A59DFF5C6}.Debug|Any CPU.ActiveCfg = Debug|Any CPU
		{CE97177D-8AB6-4EBB-B2BC-4B3A59DFF5C6}.Debug|Any CPU.Build.0 = Debug|Any CPU
		{CE97177D-8AB6-4EBB-B2BC-4B3A59DFF5C6}.Release|Any CPU.ActiveCfg = Release|Any CPU
		{CE97177D-8AB6-4EBB-B2BC-4B3A59DFF5C6}.Release|Any CPU.Build.0 = Release|Any CPU
		{99825CD9-FC46-4A2C-93B2-8B19EEB3DF4E}.Debug|Any CPU.ActiveCfg = Debug|Any CPU
		{99825CD9-FC46-4A2C-93B2-8B19EEB3DF4E}.Debug|Any CPU.Build.0 = Debug|Any CPU
		{99825CD9-FC46-4A2C-93B2-8B19EEB3DF4E}.Release|Any CPU.ActiveCfg = Release|Any CPU
		{99825CD9-FC46-4A2C-93B2-8B19EEB3DF4E}.Release|Any CPU.Build.0 = Release|Any CPU
		{431FAF75-2B46-4DF7-B428-5975DE03059E}.Debug|Any CPU.ActiveCfg = Debug|Any CPU
		{431FAF75-2B46-4DF7-B428-5975DE03059E}.Debug|Any CPU.Build.0 = Debug|Any CPU
		{431FAF75-2B46-4DF7-B428-5975DE03059E}.Release|Any CPU.ActiveCfg = Release|Any CPU
		{431FAF75-2B46-4DF7-B428-5975DE03059E}.Release|Any CPU.Build.0 = Release|Any CPU
		{80CA097E-93D0-491A-8F23-947040B69858}.Debug|Any CPU.ActiveCfg = Debug|Any CPU
		{80CA097E-93D0-491A-8F23-947040B69858}.Debug|Any CPU.Build.0 = Debug|Any CPU
		{80CA097E-93D0-491A-8F23-947040B69858}.Release|Any CPU.ActiveCfg = Release|Any CPU
		{80CA097E-93D0-491A-8F23-947040B69858}.Release|Any CPU.Build.0 = Release|Any CPU
		{6D4D59A2-975B-4A5F-B671-5457022537E6}.Debug|Any CPU.ActiveCfg = Debug|Any CPU
		{6D4D59A2-975B-4A5F-B671-5457022537E6}.Debug|Any CPU.Build.0 = Debug|Any CPU
		{6D4D59A2-975B-4A5F-B671-5457022537E6}.Release|Any CPU.ActiveCfg = Release|Any CPU
		{6D4D59A2-975B-4A5F-B671-5457022537E6}.Release|Any CPU.Build.0 = Release|Any CPU
	EndGlobalSection
	GlobalSection(SolutionProperties) = preSolution
		HideSolutionNode = FALSE
	EndGlobalSection
	GlobalSection(NestedProjects) = preSolution
		{00A156D1-A319-46D9-A191-88701D65E52A} = {D6EDF613-3164-46CF-B761-1F21293B5790}
		{008DA218-8CF3-4E6A-8835-4B805E357C23} = {59BB6C8D-320F-44E5-A6D0-6916F3B6A2C8}
		{0EB17D1A-8D1C-479B-93EA-E539CD1BC9BF} = {9293A59E-B2F0-44B2-B1DA-CB71BC215DA9}
		{58C3527E-E0B9-43D0-B7AD-22F969DEE4D1} = {D6EDF613-3164-46CF-B761-1F21293B5790}
		{4264E04E-DA46-4FE1-BA1D-9244083D6C0B} = {02EA681E-C7D8-13C7-8484-4AC65E1B71E8}
		{60DFFD6A-0801-4312-9FE1-62E8E0613F4B} = {D6EDF613-3164-46CF-B761-1F21293B5790}
		{F46009B5-8CCB-4BF2-9DA9-D8B7739A791A} = {7AC8C470-D168-4AB7-AAC8-26B3C2AAB57C}
		{C2CA4C6E-D263-44A7-A391-5E9CA8E3ABAD} = {D6EDF613-3164-46CF-B761-1F21293B5790}
		{143115BD-4FA4-5D26-3EC8-F545D63868EB} = {02EA681E-C7D8-13C7-8484-4AC65E1B71E8}
		{CE97177D-8AB6-4EBB-B2BC-4B3A59DFF5C6} = {7AC8C470-D168-4AB7-AAC8-26B3C2AAB57C}
		{99825CD9-FC46-4A2C-93B2-8B19EEB3DF4E} = {02EA681E-C7D8-13C7-8484-4AC65E1B71E8}
		{431FAF75-2B46-4DF7-B428-5975DE03059E} = {D6EDF613-3164-46CF-B761-1F21293B5790}
		{80CA097E-93D0-491A-8F23-947040B69858} = {D6EDF613-3164-46CF-B761-1F21293B5790}
		{6D4D59A2-975B-4A5F-B671-5457022537E6} = {F1CB5047-B975-4E61-8BB2-8C3990400BF4}
	EndGlobalSection
	GlobalSection(ExtensibilityGlobals) = postSolution
		SolutionGuid = {2AEAD861-CA64-4284-A29C-3478D9F181BF}
	EndGlobalSection
EndGlobal
